
Microsoft Visual Studio Solution File, Format Version 12.00
Project("{FAE04EC0-301F-11D3-BF4B-00C04F79EFBC}") = "UserActivityLog", "UserActivityLog\UserActivityLog.csproj", "{1A44BDE7-C597-45E3-A399-0F88B39163D6}"
EndProject
Project("{FAE04EC0-301F-11D3-BF4B-00C04F79EFBC}") = "UserActivityLogTest", "UserActivityLogTest\UserActivityLogTest.csproj", "{C34E735E-D2A4-4FF1-B177-C79F714C1EAB}"
EndProject
Global
	GlobalSection(SolutionConfigurationPlatforms) = preSolution
		Debug|Any CPU = Debug|Any CPU
		Release|Any CPU = Release|Any CPU
	EndGlobalSection
	GlobalSection(ProjectConfigurationPlatforms) = postSolution
		{1A44BDE7-C597-45E3-A399-0F88B39163D6}.Debug|Any CPU.ActiveCfg = Debug|Any CPU
		{1A44BDE7-C597-45E3-A399-0F88B39163D6}.Debug|Any CPU.Build.0 = Debug|Any CPU
		{1A44BDE7-C597-45E3-A399-0F88B39163D6}.Release|Any CPU.ActiveCfg = Release|Any CPU
		{1A44BDE7-C597-45E3-A399-0F88B39163D6}.Release|Any CPU.Build.0 = Release|Any CPU
		{C34E735E-D2A4-4FF1-B177-C79F714C1EAB}.Debug|Any CPU.ActiveCfg = Debug|Any CPU
		{C34E735E-D2A4-4FF1-B177-C79F714C1EAB}.Debug|Any CPU.Build.0 = Debug|Any CPU
		{C34E735E-D2A4-4FF1-B177-C79F714C1EAB}.Release|Any CPU.ActiveCfg = Release|Any CPU
		{C34E735E-D2A4-4FF1-B177-C79F714C1EAB}.Release|Any CPU.Build.0 = Release|Any CPU
	EndGlobalSection
EndGlobal
